
Microsoft Visual Studio Solution File, Format Version 12.00
# Visual Studio 2017
Project("{FAE04EC0-301F-11D3-BF4B-00C04F79EFBC}") = "Donald Duck Letter Catch", "Donald Duck Letter Catch.csproj", "{DF5D21EB-8CE9-2AA4-273F-4845A8A66771}"
EndProject
Global
	GlobalSection(SolutionConfigurationPlatforms) = preSolution
		Debug|Any CPU = Debug|Any CPU
		Release|Any CPU = Release|Any CPU
	EndGlobalSection
	GlobalSection(ProjectConfigurationPlatforms) = postSolution
		{DF5D21EB-8CE9-2AA4-273F-4845A8A66771}.Debug|Any CPU.ActiveCfg = Debug|Any CPU
		{DF5D21EB-8CE9-2AA4-273F-4845A8A66771}.Debug|Any CPU.Build.0 = Debug|Any CPU
		{DF5D21EB-8CE9-2AA4-273F-4845A8A66771}.Release|Any CPU.ActiveCfg = Release|Any CPU
		{DF5D21EB-8CE9-2AA4-273F-4845A8A66771}.Release|Any CPU.Build.0 = Release|Any CPU
	EndGlobalSection
	GlobalSection(SolutionProperties) = preSolution
		HideSolutionNode = FALSE
	EndGlobalSection
EndGlobal
